
Microsoft Visual Studio Solution File, Format Version 12.00
# Visual Studio Version 16
VisualStudioVersion = 16.0.34114.132
MinimumVisualStudioVersion = 10.0.40219.1
Project("{FAE04EC0-301F-11D3-BF4B-00C04F79EFBC}") = "AmimatedTextWriter", "AmimatedTextWriter\AmimatedTextWriter.csproj", "{9CE533A9-C8DC-4697-84D1-7F12083B5B85}"
EndProject
Global
	GlobalSection(SolutionConfigurationPlatforms) = preSolution
		Debug|Any CPU = Debug|Any CPU
		Release|Any CPU = Release|Any CPU
	EndGlobalSection
	GlobalSection(ProjectConfigurationPlatforms) = postSolution
		{9CE533A9-C8DC-4697-84D1-7F12083B5B85}.Debug|Any CPU.ActiveCfg = Debug|Any CPU
		{9CE533A9-C8DC-4697-84D1-7F12083B5B85}.Debug|Any CPU.Build.0 = Debug|Any CPU
		{9CE533A9-C8DC-4697-84D1-7F12083B5B85}.Release|Any CPU.ActiveCfg = Release|Any CPU
		{9CE533A9-C8DC-4697-84D1-7F12083B5B85}.Release|Any CPU.Build.0 = Release|Any CPU
	EndGlobalSection
	GlobalSection(SolutionProperties) = preSolution
		HideSolutionNode = FALSE
	EndGlobalSection
	GlobalSection(ExtensibilityGlobals) = postSolution
		SolutionGuid = {BD010D5F-AC9F-4181-A544-1851CA81E1BB}
	EndGlobalSection
EndGlobal
